
Microsoft Visual Studio Solution File, Format Version 12.00
# Visual Studio Version 17
VisualStudioVersion = 17.4.33110.190
MinimumVisualStudioVersion = 10.0.40219.1
Project("{FAE04EC0-301F-11D3-BF4B-00C04F79EFBC}") = "ThemeDemoApp", "ThemeDemoApp\ThemeDemoApp.csproj", "{2D13AC95-3849-4754-913A-B5BACE7F5AFA}"
EndProject
Project("{FAE04EC0-301F-11D3-BF4B-00C04F79EFBC}") = "ThemeDemo.UserControls", "ThemeDemo.UserControls\ThemeDemo.UserControls.csproj", "{8B68792B-F4E9-4C8C-AD65-D22AA213058D}"
EndProject
Project("{FAE04EC0-301F-11D3-BF4B-00C04F79EFBC}") = "ThemeDemo.Theme.Spring", "ThemeDemo.Theme.Spring\ThemeDemo.Theme.Spring.csproj", "{9947A0F9-D371-4086-BAB6-B3E1A1FC647B}"
EndProject
Project("{FAE04EC0-301F-11D3-BF4B-00C04F79EFBC}") = "ThemeDemo.Theme.Winter", "ThemeDemo.Theme.Winter\ThemeDemo.Theme.Winter.csproj", "{38E1C8FA-B3AB-4209-8057-1C61482AC7B6}"
EndProject
Project("{FAE04EC0-301F-11D3-BF4B-00C04F79EFBC}") = "DemoApp", "DemoApp\DemoApp.csproj", "{A6B7CB01-9230-45EE-A49C-6B16AD3FDE93}"
EndProject
Global
	GlobalSection(SolutionConfigurationPlatforms) = preSolution
		Debug|Any CPU = Debug|Any CPU
		Release|Any CPU = Release|Any CPU
	EndGlobalSection
	GlobalSection(ProjectConfigurationPlatforms) = postSolution
		{2D13AC95-3849-4754-913A-B5BACE7F5AFA}.Debug|Any CPU.ActiveCfg = Debug|Any CPU
		{2D13AC95-3849-4754-913A-B5BACE7F5AFA}.Debug|Any CPU.Build.0 = Debug|Any CPU
		{2D13AC95-3849-4754-913A-B5BACE7F5AFA}.Release|Any CPU.ActiveCfg = Release|Any CPU
		{2D13AC95-3849-4754-913A-B5BACE7F5AFA}.Release|Any CPU.Build.0 = Release|Any CPU
		{8B68792B-F4E9-4C8C-AD65-D22AA213058D}.Debug|Any CPU.ActiveCfg = Debug|Any CPU
		{8B68792B-F4E9-4C8C-AD65-D22AA213058D}.Debug|Any CPU.Build.0 = Debug|Any CPU
		{8B68792B-F4E9-4C8C-AD65-D22AA213058D}.Release|Any CPU.ActiveCfg = Release|Any CPU
		{8B68792B-F4E9-4C8C-AD65-D22AA213058D}.Release|Any CPU.Build.0 = Release|Any CPU
		{9947A0F9-D371-4086-BAB6-B3E1A1FC647B}.Debug|Any CPU.ActiveCfg = Debug|Any CPU
		{9947A0F9-D371-4086-BAB6-B3E1A1FC647B}.Debug|Any CPU.Build.0 = Debug|Any CPU
		{9947A0F9-D371-4086-BAB6-B3E1A1FC647B}.Release|Any CPU.ActiveCfg = Release|Any CPU
		{9947A0F9-D371-4086-BAB6-B3E1A1FC647B}.Release|Any CPU.Build.0 = Release|Any CPU
		{38E1C8FA-B3AB-4209-8057-1C61482AC7B6}.Debug|Any CPU.ActiveCfg = Debug|Any CPU
		{38E1C8FA-B3AB-4209-8057-1C61482AC7B6}.Debug|Any CPU.Build.0 = Debug|Any CPU
		{38E1C8FA-B3AB-4209-8057-1C61482AC7B6}.Release|Any CPU.ActiveCfg = Release|Any CPU
		{38E1C8FA-B3AB-4209-8057-1C61482AC7B6}.Release|Any CPU.Build.0 = Release|Any CPU
		{A6B7CB01-9230-45EE-A49C-6B16AD3FDE93}.Debug|Any CPU.ActiveCfg = Debug|Any CPU
		{A6B7CB01-9230-45EE-A49C-6B16AD3FDE93}.Debug|Any CPU.Build.0 = Debug|Any CPU
		{A6B7CB01-9230-45EE-A49C-6B16AD3FDE93}.Release|Any CPU.ActiveCfg = Release|Any CPU
		{A6B7CB01-9230-45EE-A49C-6B16AD3FDE93}.Release|Any CPU.Build.0 = Release|Any CPU
	EndGlobalSection
	GlobalSection(SolutionProperties) = preSolution
		HideSolutionNode = FALSE
	EndGlobalSection
	GlobalSection(ExtensibilityGlobals) = postSolution
		SolutionGuid = {62F1C68A-77F7-4843-A159-7D08E4C9677F}
	EndGlobalSection
EndGlobal
